PODS:
  - Google-Maps-iOS-Utils (2.0.0):
    - Google-Maps-iOS-Utils/Clustering (= 2.0.0)
    - Google-Maps-iOS-Utils/Geometry (= 2.0.0)
    - Google-Maps-iOS-Utils/QuadTree (= 2.0.0)
    - GoogleMaps
  - Google-Maps-iOS-Utils/Clustering (2.0.0):
    - Google-Maps-iOS-Utils/QuadTree
    - GoogleMaps
  - Google-Maps-iOS-Utils/Geometry (2.0.0):
    - GoogleMaps
  - Google-Maps-iOS-Utils/QuadTree (2.0.0):
    - GoogleMaps
  - GoogleMaps (2.1.1):
    - GoogleMaps/Maps (= 2.1.1)
  - GoogleMaps/Base (2.1.1)
  - GoogleMaps/Maps (2.1.1):
    - GoogleMaps/Base
  - React (0.42.3):
    - React/Core (= 0.42.3)
  - react-native-google-maps (0.15.0):
    - GoogleMaps (= 2.1.1)
    - React
  - react-native-maps (0.15.0):
    - React
  - React/Core (0.42.3):
    - React/cxxreact
    - Yoga (= 0.42.3.React)
  - React/cxxreact (0.42.3):
    - React/jschelpers
  - React/jschelpers (0.42.3)
  - React/RCTActionSheet (0.42.3):
    - React/Core
  - React/RCTAnimation (0.42.3):
    - React/Core
  - React/RCTGeolocation (0.42.3):
    - React/Core
  - React/RCTImage (0.42.3):
    - React/Core
    - React/RCTNetwork
  - React/RCTLinkingIOS (0.42.3):
    - React/Core
  - React/RCTNetwork (0.42.3):
    - React/Core
  - React/RCTSettings (0.42.3):
    - React/Core
  - React/RCTText (0.42.3):
    - React/Core
  - React/RCTVibration (0.42.3):
    - React/Core
  - React/RCTWebSocket (0.42.3):
    - React/Core
  - Yoga (0.42.3.React)

DEPENDENCIES:
  - Google-Maps-iOS-Utils
  - GoogleMaps
  - react-native-google-maps (from `../../`)
  - react-native-maps (from `../../`)
  - React/Core (from `../../node_modules/react-native`)
  - React/RCTActionSheet (from `../../node_modules/react-native`)
  - React/RCTAnimation (from `../../node_modules/react-native`)
  - React/RCTGeolocation (from `../../node_modules/react-native`)
  - React/RCTImage (from `../../node_modules/react-native`)
  - React/RCTLinkingIOS (from `../../node_modules/react-native`)
  - React/RCTNetwork (from `../../node_modules/react-native`)
  - React/RCTSettings (from `../../node_modules/react-native`)
  - React/RCTText (from `../../node_modules/react-native`)
  - React/RCTVibration (from `../../node_modules/react-native`)
  - React/RCTWebSocket (from `../../node_modules/react-native`)
  - Yoga (from `../../node_modules/react-native/ReactCommon/yoga/Yoga.podspec`)

EXTERNAL SOURCES:
  React:
    :path: ../../node_modules/react-native
  react-native-google-maps:
    :path: ../../
  react-native-maps:
    :path: ../../
  Yoga:
    :path: ../../node_modules/react-native/ReactCommon/yoga/Yoga.podspec

SPEC CHECKSUMS:
  Google-Maps-iOS-Utils: c4527133d932bd63eb883a7cd3cca8b19c715983
  GoogleMaps: a5b5bbe47734e2443bde781a6aa64e69fdb6d785
  React: 35e039680feacd0563677d49ba410112d2748559
  react-native-google-maps: 2178143ab0c02406ccc41a578edfd45f42a3eb15
  react-native-maps: b9fd04cf693b9059c6fae00eb16203f7d5b69878
  Yoga: 86ce777665c8259b94ef8dbea76b84634237f4ea

PODFILE CHECKSUM: b77bb48c190fc89e771e8ad255d8d3eb6199be74

COCOAPODS: 1.2.1
